{
  "nodes": {
    "gotestfmt-src": {
      "flake": false,
      "locked": {
        "lastModified": 1665644699,
        "narHash": "sha256-Rb/nIsHISzvqd+jJU4TNrHbailvgGEq4y0JuM9IdA3w=",
        "owner": "GoTestTools",
        "repo": "gotestfmt",
        "rev": "9eae5abc81d6d08f73268741ef4a8b97f29b60d8",
        "type": "github"
      },
      "original": {
        "owner": "GoTestTools",
        "ref": "v2.4.1",
        "repo": "gotestfmt",
        "type": "github"
      }
    },
    "nixpkgs": {
      "locked": {
        "lastModified": 1684936879,
        "narHash": "sha256-BOSq/QiX7MDs8tUnAt4+nYTJctgYkzVSNL95qlfMYeM=",
        "owner": "NixOS",
        "repo": "nixpkgs",
        "rev": "99fe1b870522d6ee3e692c2b6e663d6868a3fde4",
        "type": "github"
      },
      "original": {
        "owner": "NixOS",
        "ref": "nixos-22.11",
        "repo": "nixpkgs",
        "type": "github"
      }
    },
    "root": {
      "inputs": {
        "gotestfmt-src": "gotestfmt-src",
        "nixpkgs": "nixpkgs"
      }
    }
  },
  "root": "root",
  "version": 7
}
